
Microsoft Visual Studio Solution File, Format Version 12.00
# Visual Studio Version 17
VisualStudioVersion = 17.8.34330.188
MinimumVisualStudioVersion = 10.0.40219.1
Project("{FAE04EC0-301F-11D3-BF4B-00C04F79EFBC}") = "Blog_Recetas", "Blog_Recetas\Blog_Recetas.csproj", "{032100DC-8BE2-46B0-B960-DCF59D9B3443}"
EndProject
Global
	GlobalSection(SolutionConfigurationPlatforms) = preSolution
		Debug|Any CPU = Debug|Any CPU
		Release|Any CPU = Release|Any CPU
	EndGlobalSection
	GlobalSection(ProjectConfigurationPlatforms) = postSolution
		{032100DC-8BE2-46B0-B960-DCF59D9B3443}.Debug|Any CPU.ActiveCfg = Debug|Any CPU
		{032100DC-8BE2-46B0-B960-DCF59D9B3443}.Debug|Any CPU.Build.0 = Debug|Any CPU
		{032100DC-8BE2-46B0-B960-DCF59D9B3443}.Release|Any CPU.ActiveCfg = Release|Any CPU
		{032100DC-8BE2-46B0-B960-DCF59D9B3443}.Release|Any CPU.Build.0 = Release|Any CPU
	EndGlobalSection
	GlobalSection(SolutionProperties) = preSolution
		HideSolutionNode = FALSE
	EndGlobalSection
	GlobalSection(ExtensibilityGlobals) = postSolution
		SolutionGuid = {0CA0CE8F-E9F1-41B2-88C6-A30811F3142A}
	EndGlobalSection
EndGlobal
